
Microsoft Visual Studio Solution File, Format Version 12.00
# Visual Studio Version 16
VisualStudioVersion = 16.0.29326.143
MinimumVisualStudioVersion = 10.0.40219.1
Project("{FAE04EC0-301F-11D3-BF4B-00C04F79EFBC}") = "Racebaan Tasker", "Console_Racebaan_Tasker\Racebaan Tasker.csproj", "{1B8BE49B-40B0-4F7A-A266-1BE9EDA2909B}"
EndProject
Project("{FAE04EC0-301F-11D3-BF4B-00C04F79EFBC}") = "console project", "console project\console project.csproj", "{1E3589DF-5E06-4EB1-A52F-F94318E5D992}"
EndProject
Project("{FAE04EC0-301F-11D3-BF4B-00C04F79EFBC}") = "Model", "Model\Model.csproj", "{BD72C24C-3E66-4933-8C40-8C9E3314E2BE}"
EndProject
Project("{FAE04EC0-301F-11D3-BF4B-00C04F79EFBC}") = "Controller", "Controller\Controller.csproj", "{7E786275-64E6-46FC-BC9E-025DF2FCAF95}"
EndProject
Project("{FAE04EC0-301F-11D3-BF4B-00C04F79EFBC}") = "ControllerTest", "ControllerTest\ControllerTest.csproj", "{F4DC039C-2EE8-4503-AD4E-3A3EEC67AB9C}"
EndProject
Global
	GlobalSection(SolutionConfigurationPlatforms) = preSolution
		Debug|Any CPU = Debug|Any CPU
		Release|Any CPU = Release|Any CPU
	EndGlobalSection
	GlobalSection(ProjectConfigurationPlatforms) = postSolution
		{1B8BE49B-40B0-4F7A-A266-1BE9EDA2909B}.Debug|Any CPU.ActiveCfg = Debug|Any CPU
		{1B8BE49B-40B0-4F7A-A266-1BE9EDA2909B}.Debug|Any CPU.Build.0 = Debug|Any CPU
		{1B8BE49B-40B0-4F7A-A266-1BE9EDA2909B}.Release|Any CPU.ActiveCfg = Release|Any CPU
		{1B8BE49B-40B0-4F7A-A266-1BE9EDA2909B}.Release|Any CPU.Build.0 = Release|Any CPU
		{1E3589DF-5E06-4EB1-A52F-F94318E5D992}.Debug|Any CPU.ActiveCfg = Debug|Any CPU
		{1E3589DF-5E06-4EB1-A52F-F94318E5D992}.Debug|Any CPU.Build.0 = Debug|Any CPU
		{1E3589DF-5E06-4EB1-A52F-F94318E5D992}.Release|Any CPU.ActiveCfg = Release|Any CPU
		{1E3589DF-5E06-4EB1-A52F-F94318E5D992}.Release|Any CPU.Build.0 = Release|Any CPU
		{BD72C24C-3E66-4933-8C40-8C9E3314E2BE}.Debug|Any CPU.ActiveCfg = Debug|Any CPU
		{BD72C24C-3E66-4933-8C40-8C9E3314E2BE}.Debug|Any CPU.Build.0 = Debug|Any CPU
		{BD72C24C-3E66-4933-8C40-8C9E3314E2BE}.Release|Any CPU.ActiveCfg = Release|Any CPU
		{BD72C24C-3E66-4933-8C40-8C9E3314E2BE}.Release|Any CPU.Build.0 = Release|Any CPU
		{7E786275-64E6-46FC-BC9E-025DF2FCAF95}.Debug|Any CPU.ActiveCfg = Debug|Any CPU
		{7E786275-64E6-46FC-BC9E-025DF2FCAF95}.Debug|Any CPU.Build.0 = Debug|Any CPU
		{7E786275-64E6-46FC-BC9E-025DF2FCAF95}.Release|Any CPU.ActiveCfg = Release|Any CPU
		{7E786275-64E6-46FC-BC9E-025DF2FCAF95}.Release|Any CPU.Build.0 = Release|Any CPU
		{F4DC039C-2EE8-4503-AD4E-3A3EEC67AB9C}.Debug|Any CPU.ActiveCfg = Debug|Any CPU
		{F4DC039C-2EE8-4503-AD4E-3A3EEC67AB9C}.Debug|Any CPU.Build.0 = Debug|Any CPU
		{F4DC039C-2EE8-4503-AD4E-3A3EEC67AB9C}.Release|Any CPU.ActiveCfg = Release|Any CPU
		{F4DC039C-2EE8-4503-AD4E-3A3EEC67AB9C}.Release|Any CPU.Build.0 = Release|Any CPU
	EndGlobalSection
	GlobalSection(SolutionProperties) = preSolution
		HideSolutionNode = FALSE
	EndGlobalSection
	GlobalSection(ExtensibilityGlobals) = postSolution
		SolutionGuid = {3C9E847D-4978-4287-B675-FAD4864D4716}
	EndGlobalSection
EndGlobal
